
Microsoft Visual Studio Solution File, Format Version 12.00
# Visual Studio Version 17
VisualStudioVersion = 17.14.36511.14
MinimumVisualStudioVersion = 10.0.40219.1
Project("{FAE04EC0-301F-11D3-BF4B-00C04F79EFBC}") = "Project1ColorMaker", "Project1ColorMaker\Project1ColorMaker.csproj", "{5DCD7983-8322-4B28-93F7-73A19984D519}"
EndProject
Global
	GlobalSection(SolutionConfigurationPlatforms) = preSolution
		Debug|Any CPU = Debug|Any CPU
		Release|Any CPU = Release|Any CPU
	EndGlobalSection
	GlobalSection(ProjectConfigurationPlatforms) = postSolution
		{5DCD7983-8322-4B28-93F7-73A19984D519}.Debug|Any CPU.ActiveCfg = Debug|Any CPU
		{5DCD7983-8322-4B28-93F7-73A19984D519}.Debug|Any CPU.Build.0 = Debug|Any CPU
		{5DCD7983-8322-4B28-93F7-73A19984D519}.Debug|Any CPU.Deploy.0 = Debug|Any CPU
		{5DCD7983-8322-4B28-93F7-73A19984D519}.Release|Any CPU.ActiveCfg = Release|Any CPU
		{5DCD7983-8322-4B28-93F7-73A19984D519}.Release|Any CPU.Build.0 = Release|Any CPU
		{5DCD7983-8322-4B28-93F7-73A19984D519}.Release|Any CPU.Deploy.0 = Release|Any CPU
	EndGlobalSection
	GlobalSection(SolutionProperties) = preSolution
		HideSolutionNode = FALSE
	EndGlobalSection
	GlobalSection(ExtensibilityGlobals) = postSolution
		SolutionGuid = {72845DAE-6826-4C33-8617-41AEC585ADA3}
	EndGlobalSection
EndGlobal
